
Microsoft Visual Studio Solution File, Format Version 12.00
# Visual Studio 15
VisualStudioVersion = 15.0.26730.10
MinimumVisualStudioVersion = 10.0.40219.1
Project("{8BC9CEB8-8B4A-11D0-8D11-00A0C91BC942}") = "Task1", "Task1\Task1.vcxproj", "{D88E4954-524B-4522-A5C9-C8435C58075F}"
EndProject
Project("{8BC9CEB8-8B4A-11D0-8D11-00A0C91BC942}") = "Task2", "Task2\Task2.vcxproj", "{3AD782AA-95D1-448F-B172-5FB0DA08E109}"
EndProject
Project("{8BC9CEB8-8B4A-11D0-8D11-00A0C91BC942}") = "Task3", "Task3\Task3.vcxproj", "{63824A3D-0979-4E9F-A7CA-F93EC9EFB4D5}"
EndProject
Project("{8BC9CEB8-8B4A-11D0-8D11-00A0C91BC942}") = "Task4", "Task4\Task4.vcxproj", "{8ECA02B8-286F-4DB3-BE75-46D6ABC47B68}"
EndProject
Project("{8BC9CEB8-8B4A-11D0-8D11-00A0C91BC942}") = "Task5", "Task5\Task5.vcxproj", "{AB19FE2D-95BC-4DD4-8ACA-D38C6F1616CE}"
EndProject
Project("{8BC9CEB8-8B4A-11D0-8D11-00A0C91BC942}") = "Task6", "Task6\Task6.vcxproj", "{5C251836-8697-407C-8A3F-65B3430CA078}"
EndProject
Project("{8BC9CEB8-8B4A-11D0-8D11-00A0C91BC942}") = "Task7", "Task7\Task7.vcxproj", "{D9D59630-BA65-4B8A-886B-2B9DBA14E519}"
EndProject
Project("{8BC9CEB8-8B4A-11D0-8D11-00A0C91BC942}") = "Task8", "Task8\Task8.vcxproj", "{700B70E1-85BF-42AD-A1B4-CB39B339CF86}"
EndProject
Project("{8BC9CEB8-8B4A-11D0-8D11-00A0C91BC942}") = "Task9", "Task9\Task9.vcxproj", "{BE952384-D11C-4760-9F7F-E80C5AB33C6E}"
EndProject
Global
	GlobalSection(SolutionConfigurationPlatforms) = preSolution
		Debug|x64 = Debug|x64
		Debug|x86 = Debug|x86
		Release|x64 = Release|x64
		Release|x86 = Release|x86
	EndGlobalSection
	GlobalSection(ProjectConfigurationPlatforms) = postSolution
		{D88E4954-524B-4522-A5C9-C8435C58075F}.Debug|x64.ActiveCfg = Debug|x64
		{D88E4954-524B-4522-A5C9-C8435C58075F}.Debug|x64.Build.0 = Debug|x64
		{D88E4954-524B-4522-A5C9-C8435C58075F}.Debug|x86.ActiveCfg = Debug|Win32
		{D88E4954-524B-4522-A5C9-C8435C58075F}.Debug|x86.Build.0 = Debug|Win32
		{D88E4954-524B-4522-A5C9-C8435C58075F}.Release|x64.ActiveCfg = Release|x64
		{D88E4954-524B-4522-A5C9-C8435C58075F}.Release|x64.Build.0 = Release|x64
		{D88E4954-524B-4522-A5C9-C8435C58075F}.Release|x86.ActiveCfg = Release|Win32
		{D88E4954-524B-4522-A5C9-C8435C58075F}.Release|x86.Build.0 = Release|Win32
		{3AD782AA-95D1-448F-B172-5FB0DA08E109}.Debug|x64.ActiveCfg = Debug|x64
		{3AD782AA-95D1-448F-B172-5FB0DA08E109}.Debug|x64.Build.0 = Debug|x64
		{3AD782AA-95D1-448F-B172-5FB0DA08E109}.Debug|x86.ActiveCfg = Debug|Win32
		{3AD782AA-95D1-448F-B172-5FB0DA08E109}.Debug|x86.Build.0 = Debug|Win32
		{3AD782AA-95D1-448F-B172-5FB0DA08E109}.Release|x64.ActiveCfg = Release|x64
		{3AD782AA-95D1-448F-B172-5FB0DA08E109}.Release|x64.Build.0 = Release|x64
		{3AD782AA-95D1-448F-B172-5FB0DA08E109}.Release|x86.ActiveCfg = Release|Win32
		{3AD782AA-95D1-448F-B172-5FB0DA08E109}.Release|x86.Build.0 = Release|Win32
		{63824A3D-0979-4E9F-A7CA-F93EC9EFB4D5}.Debug|x64.ActiveCfg = Debug|x64
		{63824A3D-0979-4E9F-A7CA-F93EC9EFB4D5}.Debug|x64.Build.0 = Debug|x64
		{63824A3D-0979-4E9F-A7CA-F93EC9EFB4D5}.Debug|x86.ActiveCfg = Debug|Win32
		{63824A3D-0979-4E9F-A7CA-F93EC9EFB4D5}.Debug|x86.Build.0 = Debug|Win32
		{63824A3D-0979-4E9F-A7CA-F93EC9EFB4D5}.Release|x64.ActiveCfg = Release|x64
		{63824A3D-0979-4E9F-A7CA-F93EC9EFB4D5}.Release|x64.Build.0 = Release|x64
		{63824A3D-0979-4E9F-A7CA-F93EC9EFB4D5}.Release|x86.ActiveCfg = Release|Win32
		{63824A3D-0979-4E9F-A7CA-F93EC9EFB4D5}.Release|x86.Build.0 = Release|Win32
		{8ECA02B8-286F-4DB3-BE75-46D6ABC47B68}.Debug|x64.ActiveCfg = Debug|x64
		{8ECA02B8-286F-4DB3-BE75-46D6ABC47B68}.Debug|x64.Build.0 = Debug|x64
		{8ECA02B8-286F-4DB3-BE75-46D6ABC47B68}.Debug|x86.ActiveCfg = Debug|Win32
		{8ECA02B8-286F-4DB3-BE75-46D6ABC47B68}.Debug|x86.Build.0 = Debug|Win32
		{8ECA02B8-286F-4DB3-BE75-46D6ABC47B68}.Release|x64.ActiveCfg = Release|x64
		{8ECA02B8-286F-4DB3-BE75-46D6ABC47B68}.Release|x64.Build.0 = Release|x64
		{8ECA02B8-286F-4DB3-BE75-46D6ABC47B68}.Release|x86.ActiveCfg = Release|Win32
		{8ECA02B8-286F-4DB3-BE75-46D6ABC47B68}.Release|x86.Build.0 = Release|Win32
		{AB19FE2D-95BC-4DD4-8ACA-D38C6F1616CE}.Debug|x64.ActiveCfg = Debug|x64
		{AB19FE2D-95BC-4DD4-8ACA-D38C6F1616CE}.Debug|x64.Build.0 = Debug|x64
		{AB19FE2D-95BC-4DD4-8ACA-D38C6F1616CE}.Debug|x86.ActiveCfg = Debug|Win32
		{AB19FE2D-95BC-4DD4-8ACA-D38C6F1616CE}.Debug|x86.Build.0 = Debug|Win32
		{AB19FE2D-95BC-4DD4-8ACA-D38C6F1616CE}.Release|x64.ActiveCfg = Release|x64
		{AB19FE2D-95BC-4DD4-8ACA-D38C6F1616CE}.Release|x64.Build.0 = Release|x64
		{AB19FE2D-95BC-4DD4-8ACA-D38C6F1616CE}.Release|x86.ActiveCfg = Release|Win32
		{AB19FE2D-95BC-4DD4-8ACA-D38C6F1616CE}.Release|x86.Build.0 = Release|Win32
		{5C251836-8697-407C-8A3F-65B3430CA078}.Debug|x64.ActiveCfg = Debug|x64
		{5C251836-8697-407C-8A3F-65B3430CA078}.Debug|x64.Build.0 = Debug|x64
		{5C251836-8697-407C-8A3F-65B3430CA078}.Debug|x86.ActiveCfg = Debug|Win32
		{5C251836-8697-407C-8A3F-65B3430CA078}.Debug|x86.Build.0 = Debug|Win32
		{5C251836-8697-407C-8A3F-65B3430CA078}.Release|x64.ActiveCfg = Release|x64
		{5C251836-8697-407C-8A3F-65B3430CA078}.Release|x64.Build.0 = Release|x64
		{5C251836-8697-407C-8A3F-65B3430CA078}.Release|x86.ActiveCfg = Release|Win32
		{5C251836-8697-407C-8A3F-65B3430CA078}.Release|x86.Build.0 = Release|Win32
		{D9D59630-BA65-4B8A-886B-2B9DBA14E519}.Debug|x64.ActiveCfg = Debug|x64
		{D9D59630-BA65-4B8A-886B-2B9DBA14E519}.Debug|x64.Build.0 = Debug|x64
		{D9D59630-BA65-4B8A-886B-2B9DBA14E519}.Debug|x86.ActiveCfg = Debug|Win32
		{D9D59630-BA65-4B8A-886B-2B9DBA14E519}.Debug|x86.Build.0 = Debug|Win32
		{D9D59630-BA65-4B8A-886B-2B9DBA14E519}.Release|x64.ActiveCfg = Release|x64
		{D9D59630-BA65-4B8A-886B-2B9DBA14E519}.Release|x64.Build.0 = Release|x64
		{D9D59630-BA65-4B8A-886B-2B9DBA14E519}.Release|x86.ActiveCfg = Release|Win32
		{D9D59630-BA65-4B8A-886B-2B9DBA14E519}.Release|x86.Build.0 = Release|Win32
		{700B70E1-85BF-42AD-A1B4-CB39B339CF86}.Debug|x64.ActiveCfg = Debug|x64
		{700B70E1-85BF-42AD-A1B4-CB39B339CF86}.Debug|x64.Build.0 = Debug|x64
		{700B70E1-85BF-42AD-A1B4-CB39B339CF86}.Debug|x86.ActiveCfg = Debug|Win32
		{700B70E1-85BF-42AD-A1B4-CB39B339CF86}.Debug|x86.Build.0 = Debug|Win32
		{700B70E1-85BF-42AD-A1B4-CB39B339CF86}.Release|x64.ActiveCfg = Release|x64
		{700B70E1-85BF-42AD-A1B4-CB39B339CF86}.Release|x64.Build.0 = Release|x64
		{700B70E1-85BF-42AD-A1B4-CB39B339CF86}.Release|x86.ActiveCfg = Release|Win32
		{700B70E1-85BF-42AD-A1B4-CB39B339CF86}.Release|x86.Build.0 = Release|Win32
		{BE952384-D11C-4760-9F7F-E80C5AB33C6E}.Debug|x64.ActiveCfg = Debug|x64
		{BE952384-D11C-4760-9F7F-E80C5AB33C6E}.Debug|x64.Build.0 = Debug|x64
		{BE952384-D11C-4760-9F7F-E80C5AB33C6E}.Debug|x86.ActiveCfg = Debug|Win32
		{BE952384-D11C-4760-9F7F-E80C5AB33C6E}.Debug|x86.Build.0 = Debug|Win32
		{BE952384-D11C-4760-9F7F-E80C5AB33C6E}.Release|x64.ActiveCfg = Release|x64
		{BE952384-D11C-4760-9F7F-E80C5AB33C6E}.Release|x64.Build.0 = Release|x64
		{BE952384-D11C-4760-9F7F-E80C5AB33C6E}.Release|x86.ActiveCfg = Release|Win32
		{BE952384-D11C-4760-9F7F-E80C5AB33C6E}.Release|x86.Build.0 = Release|Win32
	EndGlobalSection
	GlobalSection(SolutionProperties) = preSolution
		HideSolutionNode = FALSE
	EndGlobalSection
	GlobalSection(ExtensibilityGlobals) = postSolution
		SolutionGuid = {EFFBBF8E-2523-43EB-8B5C-CA025B0FB763}
	EndGlobalSection
EndGlobal
